
Microsoft Visual Studio Solution File, Format Version 12.00
# Visual Studio Version 17
VisualStudioVersion = 17.8.34309.116
MinimumVisualStudioVersion = 10.0.40219.1
Project("{2150E333-8FDC-42A3-9474-1A3956D46DE8}") = "src", "src", "{BDE9D54E-C227-433C-94F9-B1081F279BD4}"
EndProject
Project("{2150E333-8FDC-42A3-9474-1A3956D46DE8}") = "ApiGateway", "ApiGateway", "{EBBA5648-F783-4300-8B62-6C14C4DE92C3}"
EndProject
Project("{2150E333-8FDC-42A3-9474-1A3956D46DE8}") = "NotesService", "NotesService", "{C0E5FEF0-3ECD-4228-AA80-DC58124B3DC2}"
EndProject
Project("{2150E333-8FDC-42A3-9474-1A3956D46DE8}") = "ToDotService", "ToDotService", "{DC781AD9-C3B8-4D27-BAA8-73822C8EE0BD}"
EndProject
Project("{2150E333-8FDC-42A3-9474-1A3956D46DE8}") = "ContactListService", "ContactListService", "{AA492130-602C-4100-9D83-D8531B82642C}"
EndProject
Project("{2150E333-8FDC-42A3-9474-1A3956D46DE8}") = "LastSeenPlacesService", "LastSeenPlacesService", "{02F8B66F-3437-4E4E-A979-A6303AEBE524}"
EndProject
Project("{FAE04EC0-301F-11D3-BF4B-00C04F79EFBC}") = "ApiGateway", "..\ApiGateway\ApiGateway.csproj", "{5689F9BA-E5F0-45CA-99D4-A8C98581F628}"
EndProject
Project("{FAE04EC0-301F-11D3-BF4B-00C04F79EFBC}") = "ToDo", "..\ToDo\ToDo.csproj", "{D032072F-0B47-44FE-B02C-DB01E67DF31E}"
EndProject
Project("{FAE04EC0-301F-11D3-BF4B-00C04F79EFBC}") = "ContactList", "..\ContactList\ContactList.csproj", "{0C92E445-DE47-4AAE-9F74-99313E862F91}"
EndProject
Project("{FAE04EC0-301F-11D3-BF4B-00C04F79EFBC}") = "Notes", "..\Notes\Notes.csproj", "{6AF822EB-0B28-47AD-9609-A4C0B4D5CC7E}"
EndProject
Project("{FAE04EC0-301F-11D3-BF4B-00C04F79EFBC}") = "LastSeenPlaces", "..\LastSeenPlaces\LastSeenPlaces.csproj", "{93FDA4D5-1F17-4A34-869F-1F9A292AEC5A}"
EndProject
Global
	GlobalSection(SolutionConfigurationPlatforms) = preSolution
		Debug|Any CPU = Debug|Any CPU
		Release|Any CPU = Release|Any CPU
	EndGlobalSection
	GlobalSection(ProjectConfigurationPlatforms) = postSolution
		{5689F9BA-E5F0-45CA-99D4-A8C98581F628}.Debug|Any CPU.ActiveCfg = Debug|Any CPU
		{5689F9BA-E5F0-45CA-99D4-A8C98581F628}.Debug|Any CPU.Build.0 = Debug|Any CPU
		{5689F9BA-E5F0-45CA-99D4-A8C98581F628}.Release|Any CPU.ActiveCfg = Release|Any CPU
		{5689F9BA-E5F0-45CA-99D4-A8C98581F628}.Release|Any CPU.Build.0 = Release|Any CPU
		{D032072F-0B47-44FE-B02C-DB01E67DF31E}.Debug|Any CPU.ActiveCfg = Debug|Any CPU
		{D032072F-0B47-44FE-B02C-DB01E67DF31E}.Debug|Any CPU.Build.0 = Debug|Any CPU
		{D032072F-0B47-44FE-B02C-DB01E67DF31E}.Release|Any CPU.ActiveCfg = Release|Any CPU
		{D032072F-0B47-44FE-B02C-DB01E67DF31E}.Release|Any CPU.Build.0 = Release|Any CPU
		{0C92E445-DE47-4AAE-9F74-99313E862F91}.Debug|Any CPU.ActiveCfg = Debug|Any CPU
		{0C92E445-DE47-4AAE-9F74-99313E862F91}.Debug|Any CPU.Build.0 = Debug|Any CPU
		{0C92E445-DE47-4AAE-9F74-99313E862F91}.Release|Any CPU.ActiveCfg = Release|Any CPU
		{0C92E445-DE47-4AAE-9F74-99313E862F91}.Release|Any CPU.Build.0 = Release|Any CPU
		{6AF822EB-0B28-47AD-9609-A4C0B4D5CC7E}.Debug|Any CPU.ActiveCfg = Debug|Any CPU
		{6AF822EB-0B28-47AD-9609-A4C0B4D5CC7E}.Debug|Any CPU.Build.0 = Debug|Any CPU
		{6AF822EB-0B28-47AD-9609-A4C0B4D5CC7E}.Release|Any CPU.ActiveCfg = Release|Any CPU
		{6AF822EB-0B28-47AD-9609-A4C0B4D5CC7E}.Release|Any CPU.Build.0 = Release|Any CPU
		{93FDA4D5-1F17-4A34-869F-1F9A292AEC5A}.Debug|Any CPU.ActiveCfg = Debug|Any CPU
		{93FDA4D5-1F17-4A34-869F-1F9A292AEC5A}.Debug|Any CPU.Build.0 = Debug|Any CPU
		{93FDA4D5-1F17-4A34-869F-1F9A292AEC5A}.Release|Any CPU.ActiveCfg = Release|Any CPU
		{93FDA4D5-1F17-4A34-869F-1F9A292AEC5A}.Release|Any CPU.Build.0 = Release|Any CPU
	EndGlobalSection
	GlobalSection(SolutionProperties) = preSolution
		HideSolutionNode = FALSE
	EndGlobalSection
	GlobalSection(NestedProjects) = preSolution
		{EBBA5648-F783-4300-8B62-6C14C4DE92C3} = {BDE9D54E-C227-433C-94F9-B1081F279BD4}
		{C0E5FEF0-3ECD-4228-AA80-DC58124B3DC2} = {BDE9D54E-C227-433C-94F9-B1081F279BD4}
		{DC781AD9-C3B8-4D27-BAA8-73822C8EE0BD} = {BDE9D54E-C227-433C-94F9-B1081F279BD4}
		{AA492130-602C-4100-9D83-D8531B82642C} = {BDE9D54E-C227-433C-94F9-B1081F279BD4}
		{02F8B66F-3437-4E4E-A979-A6303AEBE524} = {BDE9D54E-C227-433C-94F9-B1081F279BD4}
		{5689F9BA-E5F0-45CA-99D4-A8C98581F628} = {EBBA5648-F783-4300-8B62-6C14C4DE92C3}
		{D032072F-0B47-44FE-B02C-DB01E67DF31E} = {DC781AD9-C3B8-4D27-BAA8-73822C8EE0BD}
		{0C92E445-DE47-4AAE-9F74-99313E862F91} = {AA492130-602C-4100-9D83-D8531B82642C}
		{6AF822EB-0B28-47AD-9609-A4C0B4D5CC7E} = {C0E5FEF0-3ECD-4228-AA80-DC58124B3DC2}
		{93FDA4D5-1F17-4A34-869F-1F9A292AEC5A} = {02F8B66F-3437-4E4E-A979-A6303AEBE524}
	EndGlobalSection
	GlobalSection(ExtensibilityGlobals) = postSolution
		SolutionGuid = {ECCB2F07-8B20-4939-86A5-EFD185FE2412}
	EndGlobalSection
EndGlobal
